
Microsoft Visual Studio Solution File, Format Version 12.00
Project("{FAE04EC0-301F-11D3-BF4B-00C04F79EFBC}") = "MorphingDemo", "MorphingDemo\MorphingDemo.csproj", "{B3DF4584-D9B1-436D-85A4-3975CA784DB8}"
EndProject
Project("{FAE04EC0-301F-11D3-BF4B-00C04F79EFBC}") = "MorphingDemoWpf", "MorphingDemoWpf\MorphingDemoWpf.csproj", "{208F7FF7-EF2C-43F0-8301-56A724043D7B}"
EndProject
Project("{FAE04EC0-301F-11D3-BF4B-00C04F79EFBC}") = "PolyLineAnimation", "PolyLineAnimation\PolyLineAnimation.csproj", "{8936B6C6-57B5-4A48-B866-E3587C49ED1A}"
EndProject
Global
	GlobalSection(SolutionConfigurationPlatforms) = preSolution
		Debug|Any CPU = Debug|Any CPU
		Release|Any CPU = Release|Any CPU
	EndGlobalSection
	GlobalSection(ProjectConfigurationPlatforms) = postSolution
		{B3DF4584-D9B1-436D-85A4-3975CA784DB8}.Debug|Any CPU.ActiveCfg = Debug|Any CPU
		{B3DF4584-D9B1-436D-85A4-3975CA784DB8}.Debug|Any CPU.Build.0 = Debug|Any CPU
		{B3DF4584-D9B1-436D-85A4-3975CA784DB8}.Release|Any CPU.ActiveCfg = Release|Any CPU
		{B3DF4584-D9B1-436D-85A4-3975CA784DB8}.Release|Any CPU.Build.0 = Release|Any CPU
		{208F7FF7-EF2C-43F0-8301-56A724043D7B}.Debug|Any CPU.ActiveCfg = Debug|Any CPU
		{208F7FF7-EF2C-43F0-8301-56A724043D7B}.Debug|Any CPU.Build.0 = Debug|Any CPU
		{208F7FF7-EF2C-43F0-8301-56A724043D7B}.Release|Any CPU.ActiveCfg = Release|Any CPU
		{208F7FF7-EF2C-43F0-8301-56A724043D7B}.Release|Any CPU.Build.0 = Release|Any CPU
		{8936B6C6-57B5-4A48-B866-E3587C49ED1A}.Debug|Any CPU.ActiveCfg = Debug|Any CPU
		{8936B6C6-57B5-4A48-B866-E3587C49ED1A}.Debug|Any CPU.Build.0 = Debug|Any CPU
		{8936B6C6-57B5-4A48-B866-E3587C49ED1A}.Release|Any CPU.ActiveCfg = Release|Any CPU
		{8936B6C6-57B5-4A48-B866-E3587C49ED1A}.Release|Any CPU.Build.0 = Release|Any CPU
	EndGlobalSection
EndGlobal
